{
  "name": "@shack-js/loader-fetch",
  "version": "1.0.3",
  "lockfileVersion": 2,
  "requires": true,
  "packages": {
    "": {
      "name": "@shack-js/loader-fetch",
      "version": "1.0.3",
      "license": "ISC",
      "dependencies": {
        "@babel/runtime": "^7.14.6",
        "acorn-loose": "^8.1.0",
        "loader-utils": "^2.0.0",
        "replaceall": "^0.1.6"
      }
    },
    "node_modules/@babel/runtime": {
      "version": "7.14.6",
      "integrity": "sha1-U1IDvAiS78fexgvcJ7Ls9uQJBi0=",
      "dependencies": {
        "regenerator-runtime": "^0.13.4"
      },
      "engines": {
        "node": ">=6.9.0"
      }
    },
    "node_modules/acorn": {
      "version": "8.4.0",
      "integrity": "sha1-r1MmbmmNfP+kFnFLUDBmqCIhvmA=",
      "bin": {
        "acorn": "bin/acorn"
      },
      "engines": {
        "node": ">=0.4.0"
      }
    },
    "node_modules/acorn-loose": {
      "version": "8.1.0",
      "integrity": "sha1-YAVsUWiD598u1sV++RpnC7CLjTY=",
      "dependencies": {
        "acorn": "^8.2.0"
      },
      "engines": {
        "node": ">=0.4.0"
      }
    },
    "node_modules/big.js": {
      "version": "5.2.2",
      "integrity": "sha1-ZfCvOC9Xi83HQr2cKB6cstd2gyg=",
      "engines": {
        "node": "*"
      }
    },
    "node_modules/emojis-list": {
      "version": "3.0.0",
      "integrity": "sha1-VXBmIEatKeLpFucariYKvf9Pang=",
      "engines": {
        "node": ">= 4"
      }
    },
    "node_modules/json5": {
      "version": "2.2.0",
      "integrity": "sha1-Lf7+cgxrpSXZ69kJlQ8FFTFsiaM=",
      "dependencies": {
        "minimist": "^1.2.5"
      },
      "bin": {
        "json5": "lib/cli.js"
      },
      "engines": {
        "node": ">=6"
      }
    },
    "node_modules/loader-utils": {
      "version": "2.0.0",
      "integrity": "sha1-5MrOW4FtQloWa18JfhDNErNgZLA=",
      "dependencies": {
        "big.js": "^5.2.2",
        "emojis-list": "^3.0.0",
        "json5": "^2.1.2"
      },
      "engines": {
        "node": ">=8.9.0"
      }
    },
    "node_modules/minimist": {
      "version": "1.2.5",
      "integrity": "sha1-Z9ZgFLZqaoqqDAg8X9WN9OTpdgI="
    },
    "node_modules/regenerator-runtime": {
      "version": "0.13.7",
      "integrity": "sha1-ysLazIoepnX+qrrriugziYrkb1U="
    },
    "node_modules/replaceall": {
      "version": "0.1.6",
      "integrity": "sha1-gdgax663LX9cSUKt8ml6MiBojY4=",
      "engines": {
        "node": ">= 0.8.x"
      }
    }
  },
  "dependencies": {
    "@babel/runtime": {
      "version": "7.14.6",
      "requires": {
        "regenerator-runtime": "^0.13.4"
      }
    },
    "acorn": {
      "version": "8.4.0"
    },
    "acorn-loose": {
      "version": "8.1.0",
      "requires": {
        "acorn": "^8.2.0"
      }
    },
    "big.js": {
      "version": "5.2.2"
    },
    "emojis-list": {
      "version": "3.0.0"
    },
    "json5": {
      "version": "2.2.0",
      "requires": {
        "minimist": "^1.2.5"
      }
    },
    "loader-utils": {
      "version": "2.0.0",
      "requires": {
        "big.js": "^5.2.2",
        "emojis-list": "^3.0.0",
        "json5": "^2.1.2"
      }
    },
    "minimist": {
      "version": "1.2.5"
    },
    "regenerator-runtime": {
      "version": "0.13.7"
    },
    "replaceall": {
      "version": "0.1.6"
    }
  }
}
